PODS:
  - Keys (1.0.0)
  - SwiftGen (4.2.0)
  - SwiftLint (0.17.0)

DEPENDENCIES:
  - Keys (from `Pods/CocoaPodsKeys`)
  - SwiftGen
  - SwiftLint

EXTERNAL SOURCES:
  Keys:
    :path: Pods/CocoaPodsKeys

SPEC CHECKSUMS:
  Keys: 9c35bf00f612ee1d48556f4a4b9b4551e224e90f
  SwiftGen: b6bfed151243348e4603b91bf5bc4eb2486c9d5b
  SwiftLint: 9fb1dd71d5952d130f8c2fb60ae2e1475cf5d575

PODFILE CHECKSUM: e2c19e06bd197791feb77198d8e7ef97145e4eb6

COCOAPODS: 1.2.0
