// !$*UTF8*$!
{
	archiveVersion = 1;
	classes = {
	};
	objectVersion = 46;
	objects = {

/* Begin PBXBuildFile section */
		5239B9831E5D59CF005509D8 /* URLRequest-Extensions.swift in Sources */ = {isa = PBXBuildFile; fileRef = 5239B9821E5D59CF005509D8 /* URLRequest-Extensions.swift */; };
		525469C91E31C1A1009CDA21 /* UIWindow+Extensions.swift in Sources */ = {isa = PBXBuildFile; fileRef = 525469C81E31C1A1009CDA21 /* UIWindow+Extensions.swift */; };
		5273A4A21E2719F300633F6A /* AppDelegate.swift in Sources */ = {isa = PBXBuildFile; fileRef = 5273A4A11E2719F300633F6A /* AppDelegate.swift */; };
		5273A4A71E2719F300633F6A /* Main.storyboard in Resources */ = {isa = PBXBuildFile; fileRef = 5273A4A51E2719F300633F6A /* Main.storyboard */; };
		5273A4A91E2719F300633F6A /* Assets.xcassets in Resources */ = {isa = PBXBuildFile; fileRef = 5273A4A81E2719F300633F6A /* Assets.xcassets */; };
		5273A4AC1E2719F300633F6A /* LaunchScreen.storyboard in Resources */ = {isa = PBXBuildFile; fileRef = 5273A4AA1E2719F300633F6A /* LaunchScreen.storyboard */; };
		529AABD21E28601F000C62A1 /* WebViewController.swift in Sources */ = {isa = PBXBuildFile; fileRef = 529AABD11E28601F000C62A1 /* WebViewController.swift */; };
		529AABD61E287088000C62A1 /* Feedly.swift in Sources */ = {isa = PBXBuildFile; fileRef = 529AABD51E287088000C62A1 /* Feedly.swift */; };
		529AABDE1E287109000C62A1 /* AnotherFeedlyAppTests.swift in Sources */ = {isa = PBXBuildFile; fileRef = 529AABDD1E287109000C62A1 /* AnotherFeedlyAppTests.swift */; };
		529AABE61E288F21000C62A1 /* main.swift in Sources */ = {isa = PBXBuildFile; fileRef = 529AABE51E288F21000C62A1 /* main.swift */; };
		529F8B5E1E39AF3F00229F56 /* Auth.swift in Sources */ = {isa = PBXBuildFile; fileRef = 529F8B5D1E39AF3F00229F56 /* Auth.swift */; };
		529F8B601E39B22400229F56 /* AppDelegateTests.swift in Sources */ = {isa = PBXBuildFile; fileRef = 529F8B5F1E39B22400229F56 /* AppDelegateTests.swift */; };
		529F8B621E39CA2200229F56 /* AppCoordinatorTests.swift in Sources */ = {isa = PBXBuildFile; fileRef = 529F8B611E39CA2200229F56 /* AppCoordinatorTests.swift */; };
		52EEB52A1E28A3DC00F55421 /* Storyboards.swift in Sources */ = {isa = PBXBuildFile; fileRef = 52EEB5291E28A3DC00F55421 /* Storyboards.swift */; };
		52EEB52C1E28A40F00F55421 /* Images.swift in Sources */ = {isa = PBXBuildFile; fileRef = 52EEB52B1E28A40F00F55421 /* Images.swift */; };
		52EEB52F1E28AAA000F55421 /* AppCoordinator.swift in Sources */ = {isa = PBXBuildFile; fileRef = 52EEB52E1E28AAA000F55421 /* AppCoordinator.swift */; };
		530F322EECD15508168C763A /* Pods_AnotherFeedlyAppTests.framework in Frameworks */ = {isa = PBXBuildFile; fileRef = 911C1A96ECF0C82B2F014FEF /* Pods_AnotherFeedlyAppTests.framework */; };
		75D275FF391D07DE038A9A61 /* Pods_AnotherFeedlyApp.framework in Frameworks */ = {isa = PBXBuildFile; fileRef = 6B1D9550883C81AA2E33CE55 /* Pods_AnotherFeedlyApp.framework */; };
/* End PBXBuildFile section */

/* Begin PBXContainerItemProxy section */
		529AABE01E287109000C62A1 /* PBXContainerItemProxy */ = {
			isa = PBXContainerItemProxy;
			containerPortal = 5273A4961E2719F300633F6A /* Project object */;
			proxyType = 1;
			remoteGlobalIDString = 5273A49D1E2719F300633F6A;
			remoteInfo = AnotherFeedlyApp;
		};
/* End PBXContainerItemProxy section */

/* Begin PBXFileReference section */
		35C934987ED87D28CB75AA0F /* Pods-AnotherFeedlyApp.release.xcconfig */ = {isa = PBXFileReference; includeInIndex = 1; lastKnownFileType = text.xcconfig; name = "Pods-AnotherFeedlyApp.release.xcconfig"; path = "Pods/Target Support Files/Pods-AnotherFeedlyApp/Pods-AnotherFeedlyApp.release.xcconfig"; sourceTree = "<group>"; };
		3B723414805BF8067B12A136 /* Pods-AnotherFeedlyAppTests.debug.xcconfig */ = {isa = PBXFileReference; includeInIndex = 1; lastKnownFileType = text.xcconfig; name = "Pods-AnotherFeedlyAppTests.debug.xcconfig"; path = "Pods/Target Support Files/Pods-AnotherFeedlyAppTests/Pods-AnotherFeedlyAppTests.debug.xcconfig"; sourceTree = "<group>"; };
		5239B9821E5D59CF005509D8 /* URLRequest-Extensions.swift */ = {isa = PBXFileReference; fileEncoding = 4; lastKnownFileType = sourcecode.swift; path = "URLRequest-Extensions.swift"; sourceTree = "<group>"; };
		525469C81E31C1A1009CDA21 /* UIWindow+Extensions.swift */ = {isa = PBXFileReference; fileEncoding = 4; lastKnownFileType = sourcecode.swift; path = "UIWindow+Extensions.swift"; sourceTree = "<group>"; };
		52564C121E2BFBEA0085D7F4 /* Warnings.xcconfig */ = {isa = PBXFileReference; lastKnownFileType = text.xcconfig; path = Warnings.xcconfig; sourceTree = "<group>"; };
		5273A49E1E2719F300633F6A /* AnotherFeedlyApp.app */ = {isa = PBXFileReference; explicitFileType = wrapper.application; includeInIndex = 0; path = AnotherFeedlyApp.app; sourceTree = BUILT_PRODUCTS_DIR; };
		5273A4A11E2719F300633F6A /* AppDelegate.swift */ = {isa = PBXFileReference; lastKnownFileType = sourcecode.swift; path = AppDelegate.swift; sourceTree = "<group>"; };
		5273A4A61E2719F300633F6A /* Base */ = {isa = PBXFileReference; lastKnownFileType = file.storyboard; name = Base; path = Base.lproj/Main.storyboard; sourceTree = "<group>"; };
		5273A4A81E2719F300633F6A /* Assets.xcassets */ = {isa = PBXFileReference; lastKnownFileType = folder.assetcatalog; path = Assets.xcassets; sourceTree = "<group>"; };
		5273A4AB1E2719F300633F6A /* Base */ = {isa = PBXFileReference; lastKnownFileType = file.storyboard; name = Base; path = Base.lproj/LaunchScreen.storyboard; sourceTree = "<group>"; };
		5273A4AD1E2719F400633F6A /* Info.plist */ = {isa = PBXFileReference; lastKnownFileType = text.plist.xml; path = Info.plist; sourceTree = "<group>"; };
		529AABD11E28601F000C62A1 /* WebViewController.swift */ = {isa = PBXFileReference; fileEncoding = 4; lastKnownFileType = sourcecode.swift; path = WebViewController.swift; sourceTree = "<group>"; };
		529AABD51E287088000C62A1 /* Feedly.swift */ = {isa = PBXFileReference; fileEncoding = 4; lastKnownFileType = sourcecode.swift; path = Feedly.swift; sourceTree = "<group>"; };
		529AABDB1E287109000C62A1 /* AnotherFeedlyAppTests.xctest */ = {isa = PBXFileReference; explicitFileType = wrapper.cfbundle; includeInIndex = 0; path = AnotherFeedlyAppTests.xctest; sourceTree = BUILT_PRODUCTS_DIR; };
		529AABDD1E287109000C62A1 /* AnotherFeedlyAppTests.swift */ = {isa = PBXFileReference; lastKnownFileType = sourcecode.swift; path = AnotherFeedlyAppTests.swift; sourceTree = "<group>"; };
		529AABDF1E287109000C62A1 /* Info.plist */ = {isa = PBXFileReference; lastKnownFileType = text.plist.xml; path = Info.plist; sourceTree = "<group>"; };
		529AABE51E288F21000C62A1 /* main.swift */ = {isa = PBXFileReference; fileEncoding = 4; lastKnownFileType = sourcecode.swift; path = main.swift; sourceTree = "<group>"; };
		529F8B5D1E39AF3F00229F56 /* Auth.swift */ = {isa = PBXFileReference; fileEncoding = 4; lastKnownFileType = sourcecode.swift; path = Auth.swift; sourceTree = "<group>"; };
		529F8B5F1E39B22400229F56 /* AppDelegateTests.swift */ = {isa = PBXFileReference; fileEncoding = 4; lastKnownFileType = sourcecode.swift; path = AppDelegateTests.swift; sourceTree = "<group>"; };
		529F8B611E39CA2200229F56 /* AppCoordinatorTests.swift */ = {isa = PBXFileReference; fileEncoding = 4; lastKnownFileType = sourcecode.swift; path = AppCoordinatorTests.swift; sourceTree = "<group>"; };
		52EEB5291E28A3DC00F55421 /* Storyboards.swift */ = {isa = PBXFileReference; fileEncoding = 4; lastKnownFileType = sourcecode.swift; name = Storyboards.swift; path = Constants/Storyboards.swift; sourceTree = "<group>"; };
		52EEB52B1E28A40F00F55421 /* Images.swift */ = {isa = PBXFileReference; fileEncoding = 4; lastKnownFileType = sourcecode.swift; name = Images.swift; path = Constants/Images.swift; sourceTree = "<group>"; };
		52EEB52E1E28AAA000F55421 /* AppCoordinator.swift */ = {isa = PBXFileReference; fileEncoding = 4; lastKnownFileType = sourcecode.swift; path = AppCoordinator.swift; sourceTree = "<group>"; };
		6B1D9550883C81AA2E33CE55 /* Pods_AnotherFeedlyApp.framework */ = {isa = PBXFileReference; explicitFileType = wrapper.framework; includeInIndex = 0; path = Pods_AnotherFeedlyApp.framework; sourceTree = BUILT_PRODUCTS_DIR; };
		911C1A96ECF0C82B2F014FEF /* Pods_AnotherFeedlyAppTests.framework */ = {isa = PBXFileReference; explicitFileType = wrapper.framework; includeInIndex = 0; path = Pods_AnotherFeedlyAppTests.framework; sourceTree = BUILT_PRODUCTS_DIR; };
		CAA9D6E293804FAC2F9A326A /* Pods-AnotherFeedlyAppTests.release.xcconfig */ = {isa = PBXFileReference; includeInIndex = 1; lastKnownFileType = text.xcconfig; name = "Pods-AnotherFeedlyAppTests.release.xcconfig"; path = "Pods/Target Support Files/Pods-AnotherFeedlyAppTests/Pods-AnotherFeedlyAppTests.release.xcconfig"; sourceTree = "<group>"; };
		CF6C53BA2E8B11F052CAD71C /* Pods-AnotherFeedlyApp.debug.xcconfig */ = {isa = PBXFileReference; includeInIndex = 1; lastKnownFileType = text.xcconfig; name = "Pods-AnotherFeedlyApp.debug.xcconfig"; path = "Pods/Target Support Files/Pods-AnotherFeedlyApp/Pods-AnotherFeedlyApp.debug.xcconfig"; sourceTree = "<group>"; };
/* End PBXFileReference section */

/* Begin PBXFrameworksBuildPhase section */
		5273A49B1E2719F300633F6A /* Frameworks */ = {
			isa = PBXFrameworksBuildPhase;
			buildActionMask = 2147483647;
			files = (
				75D275FF391D07DE038A9A61 /* Pods_AnotherFeedlyApp.framework in Frameworks */,
			);
			runOnlyForDeploymentPostprocessing = 0;
		};
		529AABD81E287109000C62A1 /* Frameworks */ = {
			isa = PBXFrameworksBuildPhase;
			buildActionMask = 2147483647;
			files = (
				530F322EECD15508168C763A /* Pods_AnotherFeedlyAppTests.framework in Frameworks */,
			);
			runOnlyForDeploymentPostprocessing = 0;
		};
/* End PBXFrameworksBuildPhase section */

/* Begin PBXGroup section */
		5239B9811E5D5998005509D8 /* UIKit-Extensions */ = {
			isa = PBXGroup;
			children = (
				5239B9821E5D59CF005509D8 /* URLRequest-Extensions.swift */,
				525469C81E31C1A1009CDA21 /* UIWindow+Extensions.swift */,
			);
			name = "UIKit-Extensions";
			sourceTree = "<group>";
		};
		5273A4951E2719F300633F6A = {
			isa = PBXGroup;
			children = (
				529F8B5D1E39AF3F00229F56 /* Auth.swift */,
				52564C121E2BFBEA0085D7F4 /* Warnings.xcconfig */,
				5273A4A01E2719F300633F6A /* AnotherFeedlyApp */,
				529AABDC1E287109000C62A1 /* AnotherFeedlyAppTests */,
				5273A49F1E2719F300633F6A /* Products */,
				6C87FAE6B4246B93789F9D52 /* Pods */,
				9491883BA41888B00C82853F /* Frameworks */,
			);
			sourceTree = "<group>";
		};
		5273A49F1E2719F300633F6A /* Products */ = {
			isa = PBXGroup;
			children = (
				5273A49E1E2719F300633F6A /* AnotherFeedlyApp.app */,
				529AABDB1E287109000C62A1 /* AnotherFeedlyAppTests.xctest */,
			);
			name = Products;
			sourceTree = "<group>";
		};
		5273A4A01E2719F300633F6A /* AnotherFeedlyApp */ = {
			isa = PBXGroup;
			children = (
				529AABD51E287088000C62A1 /* Feedly.swift */,
				529AABE51E288F21000C62A1 /* main.swift */,
				5273A4A11E2719F300633F6A /* AppDelegate.swift */,
				52EEB52E1E28AAA000F55421 /* AppCoordinator.swift */,
				5273A4A51E2719F300633F6A /* Main.storyboard */,
				529AABD11E28601F000C62A1 /* WebViewController.swift */,
				5273A4A81E2719F300633F6A /* Assets.xcassets */,
				5273A4AA1E2719F300633F6A /* LaunchScreen.storyboard */,
				5273A4AD1E2719F400633F6A /* Info.plist */,
				52EEB52D1E28A91000F55421 /* SwiftGenConstants */,
				5239B9811E5D5998005509D8 /* UIKit-Extensions */,
			);
			path = AnotherFeedlyApp;
			sourceTree = "<group>";
		};
		529AABDC1E287109000C62A1 /* AnotherFeedlyAppTests */ = {
			isa = PBXGroup;
			children = (
				529F8B611E39CA2200229F56 /* AppCoordinatorTests.swift */,
				529AABDD1E287109000C62A1 /* AnotherFeedlyAppTests.swift */,
				529F8B5F1E39B22400229F56 /* AppDelegateTests.swift */,
				529AABDF1E287109000C62A1 /* Info.plist */,
			);
			path = AnotherFeedlyAppTests;
			sourceTree = "<group>";
		};
		52EEB52D1E28A91000F55421 /* SwiftGenConstants */ = {
			isa = PBXGroup;
			children = (
				52EEB52B1E28A40F00F55421 /* Images.swift */,
				52EEB5291E28A3DC00F55421 /* Storyboards.swift */,
			);
			name = SwiftGenConstants;
			sourceTree = "<group>";
		};
		6C87FAE6B4246B93789F9D52 /* Pods */ = {
			isa = PBXGroup;
			children = (
				CF6C53BA2E8B11F052CAD71C /* Pods-AnotherFeedlyApp.debug.xcconfig */,
				35C934987ED87D28CB75AA0F /* Pods-AnotherFeedlyApp.release.xcconfig */,
				3B723414805BF8067B12A136 /* Pods-AnotherFeedlyAppTests.debug.xcconfig */,
				CAA9D6E293804FAC2F9A326A /* Pods-AnotherFeedlyAppTests.release.xcconfig */,
			);
			name = Pods;
			sourceTree = "<group>";
		};
		9491883BA41888B00C82853F /* Frameworks */ = {
			isa = PBXGroup;
			children = (
				6B1D9550883C81AA2E33CE55 /* Pods_AnotherFeedlyApp.framework */,
				911C1A96ECF0C82B2F014FEF /* Pods_AnotherFeedlyAppTests.framework */,
			);
			name = Frameworks;
			sourceTree = "<group>";
		};
/* End PBXGroup section */

/* Begin PBXNativeTarget section */
		5273A49D1E2719F300633F6A /* AnotherFeedlyApp */ = {
			isa = PBXNativeTarget;
			buildConfigurationList = 5273A4B01E2719F400633F6A /* Build configuration list for PBXNativeTarget "AnotherFeedlyApp" */;
			buildPhases = (
				F836AEAF4BB00252FEDF947A /* [CP] Check Pods Manifest.lock */,
				523653FA1E28A10D00999DB9 /* SwiftGen */,
				5273A49A1E2719F300633F6A /* Sources */,
				5273A49B1E2719F300633F6A /* Frameworks */,
				5273A49C1E2719F300633F6A /* Resources */,
				20F12D18267F8CA3CF4FAC8D /* [CP] Embed Pods Frameworks */,
				DEC1ED68BB4104DA2039DDA5 /* [CP] Copy Pods Resources */,
				522467891E289DEC004C2AB7 /* SwiftLint */,
			);
			buildRules = (
			);
			dependencies = (
			);
			name = AnotherFeedlyApp;
			productName = AnotherFeedlyApp;
			productReference = 5273A49E1E2719F300633F6A /* AnotherFeedlyApp.app */;
			productType = "com.apple.product-type.application";
		};
		529AABDA1E287109000C62A1 /* AnotherFeedlyAppTests */ = {
			isa = PBXNativeTarget;
			buildConfigurationList = 529AABE21E287109000C62A1 /* Build configuration list for PBXNativeTarget "AnotherFeedlyAppTests" */;
			buildPhases = (
				48CB38B174CFC9650C844FA5 /* [CP] Check Pods Manifest.lock */,
				529AABD71E287109000C62A1 /* Sources */,
				529AABD81E287109000C62A1 /* Frameworks */,
				529AABD91E287109000C62A1 /* Resources */,
				5D5885FD7A70C29AD17505C1 /* [CP] Embed Pods Frameworks */,
				A5285CE243BD076BA89B602E /* [CP] Copy Pods Resources */,
			);
			buildRules = (
			);
			dependencies = (
				529AABE11E287109000C62A1 /* PBXTargetDependency */,
			);
			name = AnotherFeedlyAppTests;
			productName = AnotherFeedlyAppTests;
			productReference = 529AABDB1E287109000C62A1 /* AnotherFeedlyAppTests.xctest */;
			productType = "com.apple.product-type.bundle.unit-test";
		};
/* End PBXNativeTarget section */

/* Begin PBXProject section */
		5273A4961E2719F300633F6A /* Project object */ = {
			isa = PBXProject;
			attributes = {
				LastSwiftUpdateCheck = 0820;
				LastUpgradeCheck = 0820;
				ORGANIZATIONNAME = "iOS-Connect";
				TargetAttributes = {
					5273A49D1E2719F300633F6A = {
						CreatedOnToolsVersion = 8.2.1;
						DevelopmentTeam = VY4FR2X9W5;
						ProvisioningStyle = Automatic;
					};
					529AABDA1E287109000C62A1 = {
						CreatedOnToolsVersion = 8.2.1;
						DevelopmentTeam = VY4FR2X9W5;
						ProvisioningStyle = Automatic;
						TestTargetID = 5273A49D1E2719F300633F6A;
					};
				};
			};
			buildConfigurationList = 5273A4991E2719F300633F6A /* Build configuration list for PBXProject "AnotherFeedlyApp" */;
			compatibilityVersion = "Xcode 3.2";
			developmentRegion = English;
			hasScannedForEncodings = 0;
			knownRegions = (
				en,
				Base,
			);
			mainGroup = 5273A4951E2719F300633F6A;
			productRefGroup = 5273A49F1E2719F300633F6A /* Products */;
			projectDirPath = "";
			projectRoot = "";
			targets = (
				5273A49D1E2719F300633F6A /* AnotherFeedlyApp */,
				529AABDA1E287109000C62A1 /* AnotherFeedlyAppTests */,
			);
		};
/* End PBXProject section */

/* Begin PBXResourcesBuildPhase section */
		5273A49C1E2719F300633F6A /* Resources */ = {
			isa = PBXResourcesBuildPhase;
			buildActionMask = 2147483647;
			files = (
				5273A4AC1E2719F300633F6A /* LaunchScreen.storyboard in Resources */,
				5273A4A91E2719F300633F6A /* Assets.xcassets in Resources */,
				5273A4A71E2719F300633F6A /* Main.storyboard in Resources */,
			);
			runOnlyForDeploymentPostprocessing = 0;
		};
		529AABD91E287109000C62A1 /* Resources */ = {
			isa = PBXResourcesBuildPhase;
			buildActionMask = 2147483647;
			files = (
			);
			runOnlyForDeploymentPostprocessing = 0;
		};
/* End PBXResourcesBuildPhase section */

/* Begin PBXShellScriptBuildPhase section */
		20F12D18267F8CA3CF4FAC8D /* [CP] Embed Pods Frameworks */ = {
			isa = PBXShellScriptBuildPhase;
			buildActionMask = 2147483647;
			files = (
			);
			inputPaths = (
			);
			name = "[CP] Embed Pods Frameworks";
			outputPaths = (
			);
			runOnlyForDeploymentPostprocessing = 0;
			shellPath = /bin/sh;
			shellScript = "\"${SRCROOT}/Pods/Target Support Files/Pods-AnotherFeedlyApp/Pods-AnotherFeedlyApp-frameworks.sh\"\n";
			showEnvVarsInLog = 0;
		};
		48CB38B174CFC9650C844FA5 /* [CP] Check Pods Manifest.lock */ = {
			isa = PBXShellScriptBuildPhase;
			buildActionMask = 2147483647;
			files = (
			);
			inputPaths = (
			);
			name = "[CP] Check Pods Manifest.lock";
			outputPaths = (
			);
			runOnlyForDeploymentPostprocessing = 0;
			shellPath = /bin/sh;
			shellScript = "diff \"${PODS_ROOT}/../Podfile.lock\" \"${PODS_ROOT}/Manifest.lock\" > /dev/null\nif [ $? != 0 ] ; then\n    # print error to STDERR\n    echo \"error: The sandbox is not in sync with the Podfile.lock. Run 'pod install' or update your CocoaPods installation.\" >&2\n    exit 1\nfi\n";
			showEnvVarsInLog = 0;
		};
		522467891E289DEC004C2AB7 /* SwiftLint */ = {
			isa = PBXShellScriptBuildPhase;
			buildActionMask = 2147483647;
			files = (
			);
			inputPaths = (
			);
			name = SwiftLint;
			outputPaths = (
			);
			runOnlyForDeploymentPostprocessing = 0;
			shellPath = /bin/sh;
			shellScript = "if which ${PODS_ROOT}/SwiftLint/swiftlint >/dev/null; then\n    ${PODS_ROOT}/SwiftLint/swiftlint\nelse\n  echo \"warning: SwiftLint not installed, download from https://github.com/realm/SwiftLint\"\nfi";
		};
		523653FA1E28A10D00999DB9 /* SwiftGen */ = {
			isa = PBXShellScriptBuildPhase;
			buildActionMask = 2147483647;
			files = (
			);
			inputPaths = (
			);
			name = SwiftGen;
			outputPaths = (
			);
			runOnlyForDeploymentPostprocessing = 0;
			shellPath = /bin/sh;
			shellScript = "type $PODS_ROOT/SwiftGen/bin/swiftgen >/dev/null 2>&1 || { echo \"warning: SwiftGen not installed, download it from https://github.com/AliSoftware/SwiftGen\"\n}\n\n$PODS_ROOT/SwiftGen/bin/swiftgen storyboards -t swift3 \"$PROJECT_DIR\" --output \"$PROJECT_DIR/AnotherFeedlyApp/Constants/Storyboards.swift\"\n$PODS_ROOT/SwiftGen/bin/swiftgen images -t swift3 \"$PROJECT_DIR/AnotherFeedlyApp/Assets.xcassets\" --output \"$PROJECT_DIR/AnotherFeedlyApp/Constants/Images.swift\"";
		};
		5D5885FD7A70C29AD17505C1 /* [CP] Embed Pods Frameworks */ = {
			isa = PBXShellScriptBuildPhase;
			buildActionMask = 2147483647;
			files = (
			);
			inputPaths = (
			);
			name = "[CP] Embed Pods Frameworks";
			outputPaths = (
			);
			runOnlyForDeploymentPostprocessing = 0;
			shellPath = /bin/sh;
			shellScript = "\"${SRCROOT}/Pods/Target Support Files/Pods-AnotherFeedlyAppTests/Pods-AnotherFeedlyAppTests-frameworks.sh\"\n";
			showEnvVarsInLog = 0;
		};
		A5285CE243BD076BA89B602E /* [CP] Copy Pods Resources */ = {
			isa = PBXShellScriptBuildPhase;
			buildActionMask = 2147483647;
			files = (
			);
			inputPaths = (
			);
			name = "[CP] Copy Pods Resources";
			outputPaths = (
			);
			runOnlyForDeploymentPostprocessing = 0;
			shellPath = /bin/sh;
			shellScript = "\"${SRCROOT}/Pods/Target Support Files/Pods-AnotherFeedlyAppTests/Pods-AnotherFeedlyAppTests-resources.sh\"\n";
			showEnvVarsInLog = 0;
		};
		DEC1ED68BB4104DA2039DDA5 /* [CP] Copy Pods Resources */ = {
			isa = PBXShellScriptBuildPhase;
			buildActionMask = 2147483647;
			files = (
			);
			inputPaths = (
			);
			name = "[CP] Copy Pods Resources";
			outputPaths = (
			);
			runOnlyForDeploymentPostprocessing = 0;
			shellPath = /bin/sh;
			shellScript = "\"${SRCROOT}/Pods/Target Support Files/Pods-AnotherFeedlyApp/Pods-AnotherFeedlyApp-resources.sh\"\n";
			showEnvVarsInLog = 0;
		};
		F836AEAF4BB00252FEDF947A /* [CP] Check Pods Manifest.lock */ = {
			isa = PBXShellScriptBuildPhase;
			buildActionMask = 2147483647;
			files = (
			);
			inputPaths = (
			);
			name = "[CP] Check Pods Manifest.lock";
			outputPaths = (
			);
			runOnlyForDeploymentPostprocessing = 0;
			shellPath = /bin/sh;
			shellScript = "diff \"${PODS_ROOT}/../Podfile.lock\" \"${PODS_ROOT}/Manifest.lock\" > /dev/null\nif [ $? != 0 ] ; then\n    # print error to STDERR\n    echo \"error: The sandbox is not in sync with the Podfile.lock. Run 'pod install' or update your CocoaPods installation.\" >&2\n    exit 1\nfi\n";
			showEnvVarsInLog = 0;
		};
/* End PBXShellScriptBuildPhase section */

/* Begin PBXSourcesBuildPhase section */
		5273A49A1E2719F300633F6A /* Sources */ = {
			isa = PBXSourcesBuildPhase;
			buildActionMask = 2147483647;
			files = (
				5273A4A21E2719F300633F6A /* AppDelegate.swift in Sources */,
				529AABD61E287088000C62A1 /* Feedly.swift in Sources */,
				5239B9831E5D59CF005509D8 /* URLRequest-Extensions.swift in Sources */,
				52EEB52A1E28A3DC00F55421 /* Storyboards.swift in Sources */,
				52EEB52F1E28AAA000F55421 /* AppCoordinator.swift in Sources */,
				529AABD21E28601F000C62A1 /* WebViewController.swift in Sources */,
				525469C91E31C1A1009CDA21 /* UIWindow+Extensions.swift in Sources */,
				52EEB52C1E28A40F00F55421 /* Images.swift in Sources */,
				529AABE61E288F21000C62A1 /* main.swift in Sources */,
				529F8B5E1E39AF3F00229F56 /* Auth.swift in Sources */,
			);
			runOnlyForDeploymentPostprocessing = 0;
		};
		529AABD71E287109000C62A1 /* Sources */ = {
			isa = PBXSourcesBuildPhase;
			buildActionMask = 2147483647;
			files = (
				529F8B601E39B22400229F56 /* AppDelegateTests.swift in Sources */,
				529AABDE1E287109000C62A1 /* AnotherFeedlyAppTests.swift in Sources */,
				529F8B621E39CA2200229F56 /* AppCoordinatorTests.swift in Sources */,
			);
			runOnlyForDeploymentPostprocessing = 0;
		};
/* End PBXSourcesBuildPhase section */

/* Begin PBXTargetDependency section */
		529AABE11E287109000C62A1 /* PBXTargetDependency */ = {
			isa = PBXTargetDependency;
			target = 5273A49D1E2719F300633F6A /* AnotherFeedlyApp */;
			targetProxy = 529AABE01E287109000C62A1 /* PBXContainerItemProxy */;
		};
/* End PBXTargetDependency section */

/* Begin PBXVariantGroup section */
		5273A4A51E2719F300633F6A /* Main.storyboard */ = {
			isa = PBXVariantGroup;
			children = (
				5273A4A61E2719F300633F6A /* Base */,
			);
			name = Main.storyboard;
			sourceTree = "<group>";
		};
		5273A4AA1E2719F300633F6A /* LaunchScreen.storyboard */ = {
			isa = PBXVariantGroup;
			children = (
				5273A4AB1E2719F300633F6A /* Base */,
			);
			name = LaunchScreen.storyboard;
			sourceTree = "<group>";
		};
/* End PBXVariantGroup section */

/* Begin XCBuildConfiguration section */
		5273A4AE1E2719F400633F6A /* Debug */ = {
			isa = XCBuildConfiguration;
			baseConfigurationReference = 52564C121E2BFBEA0085D7F4 /* Warnings.xcconfig */;
			buildSettings = {
				ALWAYS_SEARCH_USER_PATHS = NO;
				CLANG_ANALYZER_NONNULL = YES;
				CLANG_CXX_LANGUAGE_STANDARD = "gnu++0x";
				CLANG_CXX_LIBRARY = "libc++";
				CLANG_ENABLE_MODULES = YES;
				CLANG_ENABLE_OBJC_ARC = YES;
				CLANG_WARN_BOOL_CONVERSION = YES;
				CLANG_WARN_CONSTANT_CONVERSION = YES;
				CLANG_WARN_DIRECT_OBJC_ISA_USAGE = YES_ERROR;
				CLANG_WARN_DOCUMENTATION_COMMENTS = YES;
				CLANG_WARN_EMPTY_BODY = YES;
				CLANG_WARN_ENUM_CONVERSION = YES;
				CLANG_WARN_INFINITE_RECURSION = YES;
				CLANG_WARN_INT_CONVERSION = YES;
				CLANG_WARN_OBJC_ROOT_CLASS = YES_ERROR;
				CLANG_WARN_SUSPICIOUS_MOVE = YES;
				CLANG_WARN_UNREACHABLE_CODE = YES;
				CLANG_WARN__DUPLICATE_METHOD_MATCH = YES;
				"CODE_SIGN_IDENTITY[sdk=iphoneos*]" = "iPhone Developer";
				COPY_PHASE_STRIP = NO;
				DEBUG_INFORMATION_FORMAT = dwarf;
				ENABLE_STRICT_OBJC_MSGSEND = YES;
				ENABLE_TESTABILITY = YES;
				GCC_C_LANGUAGE_STANDARD = gnu99;
				GCC_DYNAMIC_NO_PIC = NO;
				GCC_NO_COMMON_BLOCKS = YES;
				GCC_OPTIMIZATION_LEVEL = 0;
				GCC_PREPROCESSOR_DEFINITIONS = (
					"DEBUG=1",
					"$(inherited)",
				);
				GCC_WARN_64_TO_32_BIT_CONVERSION = YES;
				GCC_WARN_ABOUT_RETURN_TYPE = YES_ERROR;
				GCC_WARN_UNDECLARED_SELECTOR = YES;
				GCC_WARN_UNINITIALIZED_AUTOS = YES_AGGRESSIVE;
				GCC_WARN_UNUSED_FUNCTION = YES;
				GCC_WARN_UNUSED_VARIABLE = YES;
				IPHONEOS_DEPLOYMENT_TARGET = 10.2;
				MTL_ENABLE_DEBUG_INFO = YES;
				ONLY_ACTIVE_ARCH = YES;
				SDKROOT = iphoneos;
				SWIFT_ACTIVE_COMPILATION_CONDITIONS = DEBUG;
				SWIFT_OPTIMIZATION_LEVEL = "-Onone";
				TARGETED_DEVICE_FAMILY = "1,2";
			};
			name = Debug;
		};
		5273A4AF1E2719F400633F6A /* Release */ = {
			isa = XCBuildConfiguration;
			buildSettings = {
				ALWAYS_SEARCH_USER_PATHS = NO;
				CLANG_ANALYZER_NONNULL = YES;
				CLANG_CXX_LANGUAGE_STANDARD = "gnu++0x";
				CLANG_CXX_LIBRARY = "libc++";
				CLANG_ENABLE_MODULES = YES;
				CLANG_ENABLE_OBJC_ARC = YES;
				CLANG_WARN_BOOL_CONVERSION = YES;
				CLANG_WARN_CONSTANT_CONVERSION = YES;
				CLANG_WARN_DIRECT_OBJC_ISA_USAGE = YES_ERROR;
				CLANG_WARN_DOCUMENTATION_COMMENTS = YES;
				CLANG_WARN_EMPTY_BODY = YES;
				CLANG_WARN_ENUM_CONVERSION = YES;
				CLANG_WARN_INFINITE_RECURSION = YES;
				CLANG_WARN_INT_CONVERSION = YES;
				CLANG_WARN_OBJC_ROOT_CLASS = YES_ERROR;
				CLANG_WARN_SUSPICIOUS_MOVE = YES;
				CLANG_WARN_UNREACHABLE_CODE = YES;
				CLANG_WARN__DUPLICATE_METHOD_MATCH = YES;
				"CODE_SIGN_IDENTITY[sdk=iphoneos*]" = "iPhone Developer";
				COPY_PHASE_STRIP = NO;
				DEBUG_INFORMATION_FORMAT = "dwarf-with-dsym";
				ENABLE_NS_ASSERTIONS = NO;
				ENABLE_STRICT_OBJC_MSGSEND = YES;
				GCC_C_LANGUAGE_STANDARD = gnu99;
				GCC_NO_COMMON_BLOCKS = YES;
				GCC_WARN_64_TO_32_BIT_CONVERSION = YES;
				GCC_WARN_ABOUT_RETURN_TYPE = YES_ERROR;
				GCC_WARN_UNDECLARED_SELECTOR = YES;
				GCC_WARN_UNINITIALIZED_AUTOS = YES_AGGRESSIVE;
				GCC_WARN_UNUSED_FUNCTION = YES;
				GCC_WARN_UNUSED_VARIABLE = YES;
				IPHONEOS_DEPLOYMENT_TARGET = 10.2;
				MTL_ENABLE_DEBUG_INFO = NO;
				SDKROOT = iphoneos;
				SWIFT_OPTIMIZATION_LEVEL = "-Owholemodule";
				TARGETED_DEVICE_FAMILY = "1,2";
				VALIDATE_PRODUCT = YES;
			};
			name = Release;
		};
		5273A4B11E2719F400633F6A /* Debug */ = {
			isa = XCBuildConfiguration;
			baseConfigurationReference = CF6C53BA2E8B11F052CAD71C /* Pods-AnotherFeedlyApp.debug.xcconfig */;
			buildSettings = {
				ASSETCATALOG_COMPILER_APPICON_NAME = AppIcon;
				DEVELOPMENT_TEAM = VY4FR2X9W5;
				INFOPLIST_FILE = AnotherFeedlyApp/Info.plist;
				LD_RUNPATH_SEARCH_PATHS = "$(inherited) @executable_path/Frameworks";
				PRODUCT_BUNDLE_IDENTIFIER = "com.ios-connect.AnotherFeedlyApp";
				PRODUCT_NAME = "$(TARGET_NAME)";
				SWIFT_VERSION = 3.0;
			};
			name = Debug;
		};
		5273A4B21E2719F400633F6A /* Release */ = {
			isa = XCBuildConfiguration;
			baseConfigurationReference = 35C934987ED87D28CB75AA0F /* Pods-AnotherFeedlyApp.release.xcconfig */;
			buildSettings = {
				ASSETCATALOG_COMPILER_APPICON_NAME = AppIcon;
				DEVELOPMENT_TEAM = VY4FR2X9W5;
				INFOPLIST_FILE = AnotherFeedlyApp/Info.plist;
				LD_RUNPATH_SEARCH_PATHS = "$(inherited) @executable_path/Frameworks";
				PRODUCT_BUNDLE_IDENTIFIER = "com.ios-connect.AnotherFeedlyApp";
				PRODUCT_NAME = "$(TARGET_NAME)";
				SWIFT_VERSION = 3.0;
			};
			name = Release;
		};
		529AABE31E287109000C62A1 /* Debug */ = {
			isa = XCBuildConfiguration;
			baseConfigurationReference = 3B723414805BF8067B12A136 /* Pods-AnotherFeedlyAppTests.debug.xcconfig */;
			buildSettings = {
				BUNDLE_LOADER = "$(TEST_HOST)";
				DEVELOPMENT_TEAM = VY4FR2X9W5;
				INFOPLIST_FILE = AnotherFeedlyAppTests/Info.plist;
				LD_RUNPATH_SEARCH_PATHS = "$(inherited) @executable_path/Frameworks @loader_path/Frameworks";
				PRODUCT_BUNDLE_IDENTIFIER = com.johnregner.AnotherFeedlyAppTests;
				PRODUCT_NAME = "$(TARGET_NAME)";
				SWIFT_VERSION = 3.0;
				TEST_HOST = "$(BUILT_PRODUCTS_DIR)/AnotherFeedlyApp.app/AnotherFeedlyApp";
			};
			name = Debug;
		};
		529AABE41E287109000C62A1 /* Release */ = {
			isa = XCBuildConfiguration;
			baseConfigurationReference = CAA9D6E293804FAC2F9A326A /* Pods-AnotherFeedlyAppTests.release.xcconfig */;
			buildSettings = {
				BUNDLE_LOADER = "$(TEST_HOST)";
				DEVELOPMENT_TEAM = VY4FR2X9W5;
				INFOPLIST_FILE = AnotherFeedlyAppTests/Info.plist;
				LD_RUNPATH_SEARCH_PATHS = "$(inherited) @executable_path/Frameworks @loader_path/Frameworks";
				PRODUCT_BUNDLE_IDENTIFIER = com.johnregner.AnotherFeedlyAppTests;
				PRODUCT_NAME = "$(TARGET_NAME)";
				SWIFT_VERSION = 3.0;
				TEST_HOST = "$(BUILT_PRODUCTS_DIR)/AnotherFeedlyApp.app/AnotherFeedlyApp";
			};
			name = Release;
		};
/* End XCBuildConfiguration section */

/* Begin XCConfigurationList section */
		5273A4991E2719F300633F6A /* Build configuration list for PBXProject "AnotherFeedlyApp" */ = {
			isa = XCConfigurationList;
			buildConfigurations = (
				5273A4AE1E2719F400633F6A /* Debug */,
				5273A4AF1E2719F400633F6A /* Release */,
			);
			defaultConfigurationIsVisible = 0;
			defaultConfigurationName = Release;
		};
		5273A4B01E2719F400633F6A /* Build configuration list for PBXNativeTarget "AnotherFeedlyApp" */ = {
			isa = XCConfigurationList;
			buildConfigurations = (
				5273A4B11E2719F400633F6A /* Debug */,
				5273A4B21E2719F400633F6A /* Release */,
			);
			defaultConfigurationIsVisible = 0;
			defaultConfigurationName = Release;
		};
		529AABE21E287109000C62A1 /* Build configuration list for PBXNativeTarget "AnotherFeedlyAppTests" */ = {
			isa = XCConfigurationList;
			buildConfigurations = (
				529AABE31E287109000C62A1 /* Debug */,
				529AABE41E287109000C62A1 /* Release */,
			);
			defaultConfigurationIsVisible = 0;
			defaultConfigurationName = Release;
		};
/* End XCConfigurationList section */
	};
	rootObject = 5273A4961E2719F300633F6A /* Project object */;
}
